
Microsoft Visual Studio Solution File, Format Version 12.00
# Visual Studio Version 16
VisualStudioVersion = 16.0.29411.108
MinimumVisualStudioVersion = 10.0.40219.1
Project("{FAE04EC0-301F-11D3-BF4B-00C04F79EFBC}") = "DistributionUpdateToolWeb", "DistributionUpdateToolWeb\DistributionUpdateToolWeb.csproj", "{7B84CCF3-E4A4-4DAE-9BB0-B904745ABF27}"
EndProject
Global
	GlobalSection(SolutionConfigurationPlatforms) = preSolution
		Debug|Any CPU = Debug|Any CPU
		Release|Any CPU = Release|Any CPU
	EndGlobalSection
	GlobalSection(ProjectConfigurationPlatforms) = postSolution
		{7B84CCF3-E4A4-4DAE-9BB0-B904745ABF27}.Debug|Any CPU.ActiveCfg = Debug|Any CPU
		{7B84CCF3-E4A4-4DAE-9BB0-B904745ABF27}.Debug|Any CPU.Build.0 = Debug|Any CPU
		{7B84CCF3-E4A4-4DAE-9BB0-B904745ABF27}.Release|Any CPU.ActiveCfg = Release|Any CPU
		{7B84CCF3-E4A4-4DAE-9BB0-B904745ABF27}.Release|Any CPU.Build.0 = Release|Any CPU
	EndGlobalSection
	GlobalSection(SolutionProperties) = preSolution
		HideSolutionNode = FALSE
	EndGlobalSection
	GlobalSection(ExtensibilityGlobals) = postSolution
		SolutionGuid = {F6F8818C-B3C3-4C89-9357-93E60FF3B302}
	EndGlobalSection
EndGlobal
